
Microsoft Visual Studio Solution File, Format Version 12.00
# Visual Studio Version 16
VisualStudioVersion = 16.0.32002.222
MinimumVisualStudioVersion = 10.0.40219.1
Project("{9A19103F-16F7-4668-BE54-9A1E7A4F7556}") = "Fluentvalidator", "Fluentvalidator.csproj", "{77B4CF65-ACC2-48C1-8420-0793CAE81E82}"
EndProject
Global
	GlobalSection(SolutionConfigurationPlatforms) = preSolution
		Debug|Any CPU = Debug|Any CPU
		Release|Any CPU = Release|Any CPU
	EndGlobalSection
	GlobalSection(ProjectConfigurationPlatforms) = postSolution
		{77B4CF65-ACC2-48C1-8420-0793CAE81E82}.Debug|Any CPU.ActiveCfg = Debug|Any CPU
		{77B4CF65-ACC2-48C1-8420-0793CAE81E82}.Debug|Any CPU.Build.0 = Debug|Any CPU
		{77B4CF65-ACC2-48C1-8420-0793CAE81E82}.Release|Any CPU.ActiveCfg = Release|Any CPU
		{77B4CF65-ACC2-48C1-8420-0793CAE81E82}.Release|Any CPU.Build.0 = Release|Any CPU
	EndGlobalSection
	GlobalSection(SolutionProperties) = preSolution
		HideSolutionNode = FALSE
	EndGlobalSection
	GlobalSection(ExtensibilityGlobals) = postSolution
		SolutionGuid = {09EBE6AA-1BC2-4CD2-A334-B29B734C6DAB}
	EndGlobalSection
EndGlobal
